
Microsoft Visual Studio Solution File, Format Version 12.00
# Visual Studio Version 17
VisualStudioVersion = 17.2.32616.157
MinimumVisualStudioVersion = 10.0.40219.1
Project("{9A19103F-16F7-4668-BE54-9A1E7A4F7556}") = "LGF.Client-Server", "Server\LGF.Client-Server\LGF.Client-Server.csproj", "{EDB885A6-1BC2-409A-8D15-5426994381A0}"
EndProject
Project("{9A19103F-16F7-4668-BE54-9A1E7A4F7556}") = "UnityEngine", "ThirdParty\UnityEngine\UnityEngine.csproj", "{EA7ED581-3675-47CF-B85A-8E5C8D10F778}"
EndProject
Project("{9A19103F-16F7-4668-BE54-9A1E7A4F7556}") = "Kcp", "ThirdParty\KCP\Kcp.csproj", "{F3619A2C-4DC4-4C04-BD67-AA478D0916F5}"
EndProject
Project("{FAE04EC0-301F-11D3-BF4B-00C04F79EFBC}") = "protobuf11-net", "ThirdParty\protobuf-net\protobuf11-net.csproj", "{A01070D7-ECA2-4F20-B143-1C336AF2180F}"
EndProject
Project("{2150E333-8FDC-42A3-9474-1A3956D46DE8}") = "Solution Items", "Solution Items", "{3EDBA1CF-BD60-4F31-96B3-505E5FAA776F}"
	ProjectSection(SolutionItems) = preProject
		.editorconfig = .editorconfig
	EndProjectSection
EndProject
Project("{2150E333-8FDC-42A3-9474-1A3956D46DE8}") = "ThirdParty", "ThirdParty", "{136B39AB-DB57-45A3-9A6A-C7DCD1AEC553}"
EndProject
Project("{2150E333-8FDC-42A3-9474-1A3956D46DE8}") = "Unity", "Unity", "{5365B43A-E45B-4F43-9CBC-7506B3CCFB13}"
EndProject
Project("{FAE04EC0-301F-11D3-BF4B-00C04F79EFBC}") = "Assembly-CSharp", "Client\Assembly-CSharp.csproj", "{12F44184-A422-5F27-22E6-507969043F15}"
EndProject
Project("{FAE04EC0-301F-11D3-BF4B-00C04F79EFBC}") = "Assembly-CSharp-Editor", "Client\Assembly-CSharp-Editor.csproj", "{5544F79C-5306-909F-C855-53D6959D5DFD}"
EndProject
Project("{FAE04EC0-301F-11D3-BF4B-00C04F79EFBC}") = "LGF", "Client\LGF.csproj", "{C527EA4D-DB8C-94E0-1525-13003FF9DE12}"
EndProject
Project("{FAE04EC0-301F-11D3-BF4B-00C04F79EFBC}") = "LGF.Editor", "Client\LGF.Editor.csproj", "{F7F8A6C8-6D72-11E7-A9D3-311CFA1E22C5}"
EndProject
Project("{FAE04EC0-301F-11D3-BF4B-00C04F79EFBC}") = "LGF.Net", "Client\LGF.Net.csproj", "{235C7E7F-4743-08CF-E487-9A1C46D7F3A0}"
EndProject
Project("{2150E333-8FDC-42A3-9474-1A3956D46DE8}") = "Server", "Server", "{72C63ACC-5657-4D67-A26A-8084E60CE171}"
EndProject
Project("{FAE04EC0-301F-11D3-BF4B-00C04F79EFBC}") = "LGF.Server", "Server\LGF.Server\LGF.Server.csproj", "{2C063A5E-C139-4E49-B52E-8939CA45A348}"
EndProject
Project("{FAE04EC0-301F-11D3-BF4B-00C04F79EFBC}") = "LGF.Client", "Server\LGF.Client\LGF.Client.csproj", "{FEFCE533-53D5-4D71-AEC5-7F5A39778ACC}"
EndProject
Global
	GlobalSection(SolutionConfigurationPlatforms) = preSolution
		Debug|Any CPU = Debug|Any CPU
		Release|Any CPU = Release|Any CPU
	EndGlobalSection
	GlobalSection(ProjectConfigurationPlatforms) = postSolution
		{EDB885A6-1BC2-409A-8D15-5426994381A0}.Debug|Any CPU.ActiveCfg = Debug|Any CPU
		{EDB885A6-1BC2-409A-8D15-5426994381A0}.Debug|Any CPU.Build.0 = Debug|Any CPU
		{EDB885A6-1BC2-409A-8D15-5426994381A0}.Release|Any CPU.ActiveCfg = Release|Any CPU
		{EDB885A6-1BC2-409A-8D15-5426994381A0}.Release|Any CPU.Build.0 = Release|Any CPU
		{EA7ED581-3675-47CF-B85A-8E5C8D10F778}.Debug|Any CPU.ActiveCfg = Debug|Any CPU
		{EA7ED581-3675-47CF-B85A-8E5C8D10F778}.Debug|Any CPU.Build.0 = Debug|Any CPU
		{EA7ED581-3675-47CF-B85A-8E5C8D10F778}.Release|Any CPU.ActiveCfg = Release|Any CPU
		{EA7ED581-3675-47CF-B85A-8E5C8D10F778}.Release|Any CPU.Build.0 = Release|Any CPU
		{F3619A2C-4DC4-4C04-BD67-AA478D0916F5}.Debug|Any CPU.ActiveCfg = Debug|Any CPU
		{F3619A2C-4DC4-4C04-BD67-AA478D0916F5}.Debug|Any CPU.Build.0 = Debug|Any CPU
		{F3619A2C-4DC4-4C04-BD67-AA478D0916F5}.Release|Any CPU.ActiveCfg = Release|Any CPU
		{F3619A2C-4DC4-4C04-BD67-AA478D0916F5}.Release|Any CPU.Build.0 = Release|Any CPU
		{A01070D7-ECA2-4F20-B143-1C336AF2180F}.Debug|Any CPU.ActiveCfg = Debug|Any CPU
		{A01070D7-ECA2-4F20-B143-1C336AF2180F}.Debug|Any CPU.Build.0 = Debug|Any CPU
		{A01070D7-ECA2-4F20-B143-1C336AF2180F}.Release|Any CPU.ActiveCfg = Release|Any CPU
		{A01070D7-ECA2-4F20-B143-1C336AF2180F}.Release|Any CPU.Build.0 = Release|Any CPU
		{12F44184-A422-5F27-22E6-507969043F15}.Debug|Any CPU.ActiveCfg = Debug|Any CPU
		{12F44184-A422-5F27-22E6-507969043F15}.Debug|Any CPU.Build.0 = Debug|Any CPU
		{12F44184-A422-5F27-22E6-507969043F15}.Release|Any CPU.ActiveCfg = Release|Any CPU
		{12F44184-A422-5F27-22E6-507969043F15}.Release|Any CPU.Build.0 = Release|Any CPU
		{5544F79C-5306-909F-C855-53D6959D5DFD}.Debug|Any CPU.ActiveCfg = Debug|Any CPU
		{5544F79C-5306-909F-C855-53D6959D5DFD}.Debug|Any CPU.Build.0 = Debug|Any CPU
		{5544F79C-5306-909F-C855-53D6959D5DFD}.Release|Any CPU.ActiveCfg = Release|Any CPU
		{5544F79C-5306-909F-C855-53D6959D5DFD}.Release|Any CPU.Build.0 = Release|Any CPU
		{C527EA4D-DB8C-94E0-1525-13003FF9DE12}.Debug|Any CPU.ActiveCfg = Debug|Any CPU
		{C527EA4D-DB8C-94E0-1525-13003FF9DE12}.Debug|Any CPU.Build.0 = Debug|Any CPU
		{C527EA4D-DB8C-94E0-1525-13003FF9DE12}.Release|Any CPU.ActiveCfg = Release|Any CPU
		{C527EA4D-DB8C-94E0-1525-13003FF9DE12}.Release|Any CPU.Build.0 = Release|Any CPU
		{F7F8A6C8-6D72-11E7-A9D3-311CFA1E22C5}.Debug|Any CPU.ActiveCfg = Debug|Any CPU
		{F7F8A6C8-6D72-11E7-A9D3-311CFA1E22C5}.Debug|Any CPU.Build.0 = Debug|Any CPU
		{F7F8A6C8-6D72-11E7-A9D3-311CFA1E22C5}.Release|Any CPU.ActiveCfg = Release|Any CPU
		{F7F8A6C8-6D72-11E7-A9D3-311CFA1E22C5}.Release|Any CPU.Build.0 = Release|Any CPU
		{235C7E7F-4743-08CF-E487-9A1C46D7F3A0}.Debug|Any CPU.ActiveCfg = Debug|Any CPU
		{235C7E7F-4743-08CF-E487-9A1C46D7F3A0}.Debug|Any CPU.Build.0 = Debug|Any CPU
		{235C7E7F-4743-08CF-E487-9A1C46D7F3A0}.Release|Any CPU.ActiveCfg = Release|Any CPU
		{235C7E7F-4743-08CF-E487-9A1C46D7F3A0}.Release|Any CPU.Build.0 = Release|Any CPU
		{2C063A5E-C139-4E49-B52E-8939CA45A348}.Debug|Any CPU.ActiveCfg = Debug|Any CPU
		{2C063A5E-C139-4E49-B52E-8939CA45A348}.Debug|Any CPU.Build.0 = Debug|Any CPU
		{2C063A5E-C139-4E49-B52E-8939CA45A348}.Release|Any CPU.ActiveCfg = Release|Any CPU
		{2C063A5E-C139-4E49-B52E-8939CA45A348}.Release|Any CPU.Build.0 = Release|Any CPU
		{FEFCE533-53D5-4D71-AEC5-7F5A39778ACC}.Debug|Any CPU.ActiveCfg = Debug|Any CPU
		{FEFCE533-53D5-4D71-AEC5-7F5A39778ACC}.Debug|Any CPU.Build.0 = Debug|Any CPU
		{FEFCE533-53D5-4D71-AEC5-7F5A39778ACC}.Release|Any CPU.ActiveCfg = Release|Any CPU
		{FEFCE533-53D5-4D71-AEC5-7F5A39778ACC}.Release|Any CPU.Build.0 = Release|Any CPU
	EndGlobalSection
	GlobalSection(SolutionProperties) = preSolution
		HideSolutionNode = FALSE
	EndGlobalSection
	GlobalSection(NestedProjects) = preSolution
		{EA7ED581-3675-47CF-B85A-8E5C8D10F778} = {136B39AB-DB57-45A3-9A6A-C7DCD1AEC553}
		{F3619A2C-4DC4-4C04-BD67-AA478D0916F5} = {136B39AB-DB57-45A3-9A6A-C7DCD1AEC553}
		{A01070D7-ECA2-4F20-B143-1C336AF2180F} = {136B39AB-DB57-45A3-9A6A-C7DCD1AEC553}
		{12F44184-A422-5F27-22E6-507969043F15} = {5365B43A-E45B-4F43-9CBC-7506B3CCFB13}
		{5544F79C-5306-909F-C855-53D6959D5DFD} = {5365B43A-E45B-4F43-9CBC-7506B3CCFB13}
		{C527EA4D-DB8C-94E0-1525-13003FF9DE12} = {5365B43A-E45B-4F43-9CBC-7506B3CCFB13}
		{F7F8A6C8-6D72-11E7-A9D3-311CFA1E22C5} = {5365B43A-E45B-4F43-9CBC-7506B3CCFB13}
		{235C7E7F-4743-08CF-E487-9A1C46D7F3A0} = {5365B43A-E45B-4F43-9CBC-7506B3CCFB13}
		{2C063A5E-C139-4E49-B52E-8939CA45A348} = {72C63ACC-5657-4D67-A26A-8084E60CE171}
		{FEFCE533-53D5-4D71-AEC5-7F5A39778ACC} = {72C63ACC-5657-4D67-A26A-8084E60CE171}
	EndGlobalSection
	GlobalSection(ExtensibilityGlobals) = postSolution
		SolutionGuid = {84E333E8-86F4-4BB2-8922-90AB024EC5E6}
	EndGlobalSection
EndGlobal
